// !$*UTF8*$!
{
	archiveVersion = 1;
	classes = {
	};
	objectVersion = 77;
	objects = {

/* Begin PBXBuildFile section */
		864404EC2DEECE78007AA15B /* README.md in Resources */ = {isa = PBXBuildFile; fileRef = 864404EB2DEECE78007AA15B /* README.md */; };
/* End PBXBuildFile section */

/* Begin PBXContainerItemProxy section */
		864B46502E546B5700A49863 /* PBXContainerItemProxy */ = {
			isa = PBXContainerItemProxy;
			containerPortal = 864404CE2DEECCE6007AA15B /* Project object */;
			proxyType = 1;
			remoteGlobalIDString = 864404D52DEECCE6007AA15B;
			remoteInfo = ReMindApp;
		};
		865B91042E5339140010B485 /* PBXContainerItemProxy */ = {
			isa = PBXContainerItemProxy;
			containerPortal = 864404CE2DEECCE6007AA15B /* Project object */;
			proxyType = 1;
			remoteGlobalIDString = 864404D52DEECCE6007AA15B;
			remoteInfo = ReMindApp;
		};
/* End PBXContainerItemProxy section */

/* Begin PBXFileReference section */
		864404D62DEECCE6007AA15B /* ReMindApp.app */ = {isa = PBXFileReference; explicitFileType = wrapper.application; includeInIndex = 0; path = ReMindApp.app; sourceTree = BUILT_PRODUCTS_DIR; };
		864404EB2DEECE78007AA15B /* README.md */ = {isa = PBXFileReference; lastKnownFileType = net.daringfireball.markdown; path = README.md; sourceTree = "<group>"; };
		864B464A2E546B5700A49863 /* ReMindAppUITests.xctest */ = {isa = PBXFileReference; explicitFileType = wrapper.cfbundle; includeInIndex = 0; path = ReMindAppUITests.xctest; sourceTree = BUILT_PRODUCTS_DIR; };
		865B91002E5339130010B485 /* ReMindAppTests.xctest */ = {isa = PBXFileReference; explicitFileType = wrapper.cfbundle; includeInIndex = 0; path = ReMindAppTests.xctest; sourceTree = BUILT_PRODUCTS_DIR; };
/* End PBXFileReference section */

/* Begin PBXFileSystemSynchronizedBuildFileExceptionSet section */
		86272C2D2E29058E0098A802 /* Exceptions for "ReMindApp" folder in "ReMindApp" target */ = {
			isa = PBXFileSystemSynchronizedBuildFileExceptionSet;
			membershipExceptions = (
				Info.plist,
			);
			target = 864404D52DEECCE6007AA15B /* ReMindApp */;
		};
/* End PBXFileSystemSynchronizedBuildFileExceptionSet section */

/* Begin PBXFileSystemSynchronizedRootGroup section */
		864404D82DEECCE6007AA15B /* ReMindApp */ = {
			isa = PBXFileSystemSynchronizedRootGroup;
			exceptions = (
				86272C2D2E29058E0098A802 /* Exceptions for "ReMindApp" folder in "ReMindApp" target */,
			);
			path = ReMindApp;
			sourceTree = "<group>";
		};
		864B464B2E546B5700A49863 /* ReMindAppUITests */ = {
			isa = PBXFileSystemSynchronizedRootGroup;
			path = ReMindAppUITests;
			sourceTree = "<group>";
		};
		865B91012E5339140010B485 /* ReMindAppTests */ = {
			isa = PBXFileSystemSynchronizedRootGroup;
			path = ReMindAppTests;
			sourceTree = "<group>";
		};
/* End PBXFileSystemSynchronizedRootGroup section */

/* Begin PBXFrameworksBuildPhase section */
		864404D32DEECCE6007AA15B /* Frameworks */ = {
			isa = PBXFrameworksBuildPhase;
			buildActionMask = 2147483647;
			files = (
			);
			runOnlyForDeploymentPostprocessing = 0;
		};
		864B46472E546B5700A49863 /* Frameworks */ = {
			isa = PBXFrameworksBuildPhase;
			buildActionMask = 2147483647;
			files = (
			);
			runOnlyForDeploymentPostprocessing = 0;
		};
		865B90FD2E5339130010B485 /* Frameworks */ = {
			isa = PBXFrameworksBuildPhase;
			buildActionMask = 2147483647;
			files = (
			);
			runOnlyForDeploymentPostprocessing = 0;
		};
/* End PBXFrameworksBuildPhase section */

/* Begin PBXGroup section */
		864404CD2DEECCE6007AA15B = {
			isa = PBXGroup;
			children = (
				864404EB2DEECE78007AA15B /* README.md */,
				864404D82DEECCE6007AA15B /* ReMindApp */,
				865B91012E5339140010B485 /* ReMindAppTests */,
				864B464B2E546B5700A49863 /* ReMindAppUITests */,
				864404D72DEECCE6007AA15B /* Products */,
			);
			sourceTree = "<group>";
		};
		864404D72DEECCE6007AA15B /* Products */ = {
			isa = PBXGroup;
			children = (
				864404D62DEECCE6007AA15B /* ReMindApp.app */,
				865B91002E5339130010B485 /* ReMindAppTests.xctest */,
				864B464A2E546B5700A49863 /* ReMindAppUITests.xctest */,
			);
			name = Products;
			sourceTree = "<group>";
		};
/* End PBXGroup section */

/* Begin PBXNativeTarget section */
		864404D52DEECCE6007AA15B /* ReMindApp */ = {
			isa = PBXNativeTarget;
			buildConfigurationList = 864404E42DEECCE8007AA15B /* Build configuration list for PBXNativeTarget "ReMindApp" */;
			buildPhases = (
				864404D22DEECCE6007AA15B /* Sources */,
				864404D32DEECCE6007AA15B /* Frameworks */,
				864404D42DEECCE6007AA15B /* Resources */,
			);
			buildRules = (
			);
			dependencies = (
			);
			fileSystemSynchronizedGroups = (
				864404D82DEECCE6007AA15B /* ReMindApp */,
			);
			name = ReMindApp;
			packageProductDependencies = (
			);
			productName = ReMindApp;
			productReference = 864404D62DEECCE6007AA15B /* ReMindApp.app */;
			productType = "com.apple.product-type.application";
		};
		864B46492E546B5700A49863 /* ReMindAppUITests */ = {
			isa = PBXNativeTarget;
			buildConfigurationList = 864B46542E546B5700A49863 /* Build configuration list for PBXNativeTarget "ReMindAppUITests" */;
			buildPhases = (
				864B46462E546B5700A49863 /* Sources */,
				864B46472E546B5700A49863 /* Frameworks */,
				864B46482E546B5700A49863 /* Resources */,
			);
			buildRules = (
			);
			dependencies = (
				864B46512E546B5700A49863 /* PBXTargetDependency */,
			);
			fileSystemSynchronizedGroups = (
				864B464B2E546B5700A49863 /* ReMindAppUITests */,
			);
			name = ReMindAppUITests;
			packageProductDependencies = (
			);
			productName = ReMindAppUITests;
			productReference = 864B464A2E546B5700A49863 /* ReMindAppUITests.xctest */;
			productType = "com.apple.product-type.bundle.ui-testing";
		};
		865B90FF2E5339130010B485 /* ReMindAppTests */ = {
			isa = PBXNativeTarget;
			buildConfigurationList = 865B91062E5339140010B485 /* Build configuration list for PBXNativeTarget "ReMindAppTests" */;
			buildPhases = (
				865B90FC2E5339130010B485 /* Sources */,
				865B90FD2E5339130010B485 /* Frameworks */,
				865B90FE2E5339130010B485 /* Resources */,
			);
			buildRules = (
			);
			dependencies = (
				865B91052E5339140010B485 /* PBXTargetDependency */,
			);
			fileSystemSynchronizedGroups = (
				865B91012E5339140010B485 /* ReMindAppTests */,
			);
			name = ReMindAppTests;
			packageProductDependencies = (
			);
			productName = ReMindAppTests;
			productReference = 865B91002E5339130010B485 /* ReMindAppTests.xctest */;
			productType = "com.apple.product-type.bundle.unit-test";
		};
/* End PBXNativeTarget section */

/* Begin PBXProject section */
		864404CE2DEECCE6007AA15B /* Project object */ = {
			isa = PBXProject;
			attributes = {
				BuildIndependentTargetsInParallel = 1;
				LastSwiftUpdateCheck = 1640;
				LastUpgradeCheck = 1600;
				TargetAttributes = {
					864404D52DEECCE6007AA15B = {
						CreatedOnToolsVersion = 16.0;
					};
					864B46492E546B5700A49863 = {
						CreatedOnToolsVersion = 16.4;
						TestTargetID = 864404D52DEECCE6007AA15B;
					};
					865B90FF2E5339130010B485 = {
						CreatedOnToolsVersion = 16.4;
						TestTargetID = 864404D52DEECCE6007AA15B;
					};
				};
			};
			buildConfigurationList = 864404D12DEECCE6007AA15B /* Build configuration list for PBXProject "ReMindApp" */;
			developmentRegion = ja;
			hasScannedForEncodings = 0;
			knownRegions = (
				en,
				Base,
				ja,
			);
			mainGroup = 864404CD2DEECCE6007AA15B;
			minimizedProjectReferenceProxies = 1;
			preferredProjectObjectVersion = 77;
			productRefGroup = 864404D72DEECCE6007AA15B /* Products */;
			projectDirPath = "";
			projectRoot = "";
			targets = (
				864404D52DEECCE6007AA15B /* ReMindApp */,
				865B90FF2E5339130010B485 /* ReMindAppTests */,
				864B46492E546B5700A49863 /* ReMindAppUITests */,
			);
		};
/* End PBXProject section */

/* Begin PBXResourcesBuildPhase section */
		864404D42DEECCE6007AA15B /* Resources */ = {
			isa = PBXResourcesBuildPhase;
			buildActionMask = 2147483647;
			files = (
				864404EC2DEECE78007AA15B /* README.md in Resources */,
			);
			runOnlyForDeploymentPostprocessing = 0;
		};
		864B46482E546B5700A49863 /* Resources */ = {
			isa = PBXResourcesBuildPhase;
			buildActionMask = 2147483647;
			files = (
			);
			runOnlyForDeploymentPostprocessing = 0;
		};
		865B90FE2E5339130010B485 /* Resources */ = {
			isa = PBXResourcesBuildPhase;
			buildActionMask = 2147483647;
			files = (
			);
			runOnlyForDeploymentPostprocessing = 0;
		};
/* End PBXResourcesBuildPhase section */

/* Begin PBXSourcesBuildPhase section */
		864404D22DEECCE6007AA15B /* Sources */ = {
			isa = PBXSourcesBuildPhase;
			buildActionMask = 2147483647;
			files = (
			);
			runOnlyForDeploymentPostprocessing = 0;
		};
		864B46462E546B5700A49863 /* Sources */ = {
			isa = PBXSourcesBuildPhase;
			buildActionMask = 2147483647;
			files = (
			);
			runOnlyForDeploymentPostprocessing = 0;
		};
		865B90FC2E5339130010B485 /* Sources */ = {
			isa = PBXSourcesBuildPhase;
			buildActionMask = 2147483647;
			files = (
			);
			runOnlyForDeploymentPostprocessing = 0;
		};
/* End PBXSourcesBuildPhase section */

/* Begin PBXTargetDependency section */
		864B46512E546B5700A49863 /* PBXTargetDependency */ = {
			isa = PBXTargetDependency;
			target = 864404D52DEECCE6007AA15B /* ReMindApp */;
			targetProxy = 864B46502E546B5700A49863 /* PBXContainerItemProxy */;
		};
		865B91052E5339140010B485 /* PBXTargetDependency */ = {
			isa = PBXTargetDependency;
			target = 864404D52DEECCE6007AA15B /* ReMindApp */;
			targetProxy = 865B91042E5339140010B485 /* PBXContainerItemProxy */;
		};
/* End PBXTargetDependency section */

/* Begin XCBuildConfiguration section */
		864404E22DEECCE8007AA15B /* Debug */ = {
			isa = XCBuildConfiguration;
			buildSettings = {
				ALWAYS_SEARCH_USER_PATHS = NO;
				ASSETCATALOG_COMPILER_GENERATE_SWIFT_ASSET_SYMBOL_EXTENSIONS = YES;
				CLANG_ANALYZER_NONNULL = YES;
				CLANG_ANALYZER_NUMBER_OBJECT_CONVERSION = YES_AGGRESSIVE;
				CLANG_CXX_LANGUAGE_STANDARD = "gnu++20";
				CLANG_ENABLE_MODULES = YES;
				CLANG_ENABLE_OBJC_ARC = YES;
				CLANG_ENABLE_OBJC_WEAK = YES;
				CLANG_WARN_BLOCK_CAPTURE_AUTORELEASING = YES;
				CLANG_WARN_BOOL_CONVERSION = YES;
				CLANG_WARN_COMMA = YES;
				CLANG_WARN_CONSTANT_CONVERSION = YES;
				CLANG_WARN_DEPRECATED_OBJC_IMPLEMENTATIONS = YES;
				CLANG_WARN_DIRECT_OBJC_ISA_USAGE = YES_ERROR;
				CLANG_WARN_DOCUMENTATION_COMMENTS = YES;
				CLANG_WARN_EMPTY_BODY = YES;
				CLANG_WARN_ENUM_CONVERSION = YES;
				CLANG_WARN_INFINITE_RECURSION = YES;
				CLANG_WARN_INT_CONVERSION = YES;
				CLANG_WARN_NON_LITERAL_NULL_CONVERSION = YES;
				CLANG_WARN_OBJC_IMPLICIT_RETAIN_SELF = YES;
				CLANG_WARN_OBJC_LITERAL_CONVERSION = YES;
				CLANG_WARN_OBJC_ROOT_CLASS = YES_ERROR;
				CLANG_WARN_QUOTED_INCLUDE_IN_FRAMEWORK_HEADER = YES;
				CLANG_WARN_RANGE_LOOP_ANALYSIS = YES;
				CLANG_WARN_STRICT_PROTOTYPES = YES;
				CLANG_WARN_SUSPICIOUS_MOVE = YES;
				CLANG_WARN_UNGUARDED_AVAILABILITY = YES_AGGRESSIVE;
				CLANG_WARN_UNREACHABLE_CODE = YES;
				CLANG_WARN__DUPLICATE_METHOD_MATCH = YES;
				COPY_PHASE_STRIP = NO;
				DEBUG_INFORMATION_FORMAT = dwarf;
				ENABLE_STRICT_OBJC_MSGSEND = YES;
				ENABLE_TESTABILITY = YES;
				ENABLE_USER_SCRIPT_SANDBOXING = YES;
				GCC_C_LANGUAGE_STANDARD = gnu17;
				GCC_DYNAMIC_NO_PIC = NO;
				GCC_NO_COMMON_BLOCKS = YES;
				GCC_OPTIMIZATION_LEVEL = 0;
				GCC_PREPROCESSOR_DEFINITIONS = (
					"DEBUG=1",
					"$(inherited)",
				);
				GCC_WARN_64_TO_32_BIT_CONVERSION = YES;
				GCC_WARN_ABOUT_RETURN_TYPE = YES_ERROR;
				GCC_WARN_UNDECLARED_SELECTOR = YES;
				GCC_WARN_UNINITIALIZED_AUTOS = YES_AGGRESSIVE;
				GCC_WARN_UNUSED_FUNCTION = YES;
				GCC_WARN_UNUSED_VARIABLE = YES;
				IPHONEOS_DEPLOYMENT_TARGET = 18.0;
				LOCALIZATION_PREFERS_STRING_CATALOGS = YES;
				MTL_ENABLE_DEBUG_INFO = INCLUDE_SOURCE;
				MTL_FAST_MATH = YES;
				ONLY_ACTIVE_ARCH = YES;
				SDKROOT = iphoneos;
				SWIFT_ACTIVE_COMPILATION_CONDITIONS = "DEBUG $(inherited)";
				SWIFT_EMIT_LOC_STRINGS = YES;
				SWIFT_OPTIMIZATION_LEVEL = "-Onone";
			};
			name = Debug;
		};
		864404E32DEECCE8007AA15B /* Release */ = {
			isa = XCBuildConfiguration;
			buildSettings = {
				ALWAYS_SEARCH_USER_PATHS = NO;
				ASSETCATALOG_COMPILER_GENERATE_SWIFT_ASSET_SYMBOL_EXTENSIONS = YES;
				CLANG_ANALYZER_NONNULL = YES;
				CLANG_ANALYZER_NUMBER_OBJECT_CONVERSION = YES_AGGRESSIVE;
				CLANG_CXX_LANGUAGE_STANDARD = "gnu++20";
				CLANG_ENABLE_MODULES = YES;
				CLANG_ENABLE_OBJC_ARC = YES;
				CLANG_ENABLE_OBJC_WEAK = YES;
				CLANG_WARN_BLOCK_CAPTURE_AUTORELEASING = YES;
				CLANG_WARN_BOOL_CONVERSION = YES;
				CLANG_WARN_COMMA = YES;
				CLANG_WARN_CONSTANT_CONVERSION = YES;
				CLANG_WARN_DEPRECATED_OBJC_IMPLEMENTATIONS = YES;
				CLANG_WARN_DIRECT_OBJC_ISA_USAGE = YES_ERROR;
				CLANG_WARN_DOCUMENTATION_COMMENTS = YES;
				CLANG_WARN_EMPTY_BODY = YES;
				CLANG_WARN_ENUM_CONVERSION = YES;
				CLANG_WARN_INFINITE_RECURSION = YES;
				CLANG_WARN_INT_CONVERSION = YES;
				CLANG_WARN_NON_LITERAL_NULL_CONVERSION = YES;
				CLANG_WARN_OBJC_IMPLICIT_RETAIN_SELF = YES;
				CLANG_WARN_OBJC_LITERAL_CONVERSION = YES;
				CLANG_WARN_OBJC_ROOT_CLASS = YES_ERROR;
				CLANG_WARN_QUOTED_INCLUDE_IN_FRAMEWORK_HEADER = YES;
				CLANG_WARN_RANGE_LOOP_ANALYSIS = YES;
				CLANG_WARN_STRICT_PROTOTYPES = YES;
				CLANG_WARN_SUSPICIOUS_MOVE = YES;
				CLANG_WARN_UNGUARDED_AVAILABILITY = YES_AGGRESSIVE;
				CLANG_WARN_UNREACHABLE_CODE = YES;
				CLANG_WARN__DUPLICATE_METHOD_MATCH = YES;
				COPY_PHASE_STRIP = NO;
				DEBUG_INFORMATION_FORMAT = "dwarf-with-dsym";
				ENABLE_NS_ASSERTIONS = NO;
				ENABLE_STRICT_OBJC_MSGSEND = YES;
				ENABLE_USER_SCRIPT_SANDBOXING = YES;
				GCC_C_LANGUAGE_STANDARD = gnu17;
				GCC_NO_COMMON_BLOCKS = YES;
				GCC_WARN_64_TO_32_BIT_CONVERSION = YES;
				GCC_WARN_ABOUT_RETURN_TYPE = YES_ERROR;
				GCC_WARN_UNDECLARED_SELECTOR = YES;
				GCC_WARN_UNINITIALIZED_AUTOS = YES_AGGRESSIVE;
				GCC_WARN_UNUSED_FUNCTION = YES;
				GCC_WARN_UNUSED_VARIABLE = YES;
				IPHONEOS_DEPLOYMENT_TARGET = 18.0;
				LOCALIZATION_PREFERS_STRING_CATALOGS = YES;
				MTL_ENABLE_DEBUG_INFO = NO;
				MTL_FAST_MATH = YES;
				SDKROOT = iphoneos;
				SWIFT_COMPILATION_MODE = wholemodule;
				SWIFT_EMIT_LOC_STRINGS = YES;
				VALIDATE_PRODUCT = YES;
			};
			name = Release;
		};
		864404E52DEECCE8007AA15B /* Debug */ = {
			isa = XCBuildConfiguration;
			buildSettings = {
				ASSETCATALOG_COMPILER_APPICON_NAME = AppIcon;
				ASSETCATALOG_COMPILER_GLOBAL_ACCENT_COLOR_NAME = AccentColor;
				CODE_SIGN_IDENTITY = "Apple Development";
				CODE_SIGN_STYLE = Manual;
				CURRENT_PROJECT_VERSION = 1;
				DEVELOPMENT_ASSET_PATHS = "\"ReMindApp/Preview Content\"";
				DEVELOPMENT_TEAM = "";
				ENABLE_PREVIEWS = YES;
				GENERATE_INFOPLIST_FILE = YES;
				INFOPLIST_FILE = ReMindApp/Info.plist;
				INFOPLIST_KEY_CFBundleDisplayName = "Re:Mind";
				INFOPLIST_KEY_UIApplicationSceneManifest_Generation = YES;
				INFOPLIST_KEY_UIApplicationSupportsIndirectInputEvents = YES;
				INFOPLIST_KEY_UILaunchScreen_Generation = YES;
				INFOPLIST_KEY_UISupportedInterfaceOrientations_iPad = "UIInterfaceOrientationPortrait UIInterfaceOrientationPortraitUpsideDown UIInterfaceOrientationLandscapeLeft UIInterfaceOrientationLandscapeRight";
				LD_RUNPATH_SEARCH_PATHS = (
					"$(inherited)",
					"@executable_path/Frameworks",
				);
				MARKETING_VERSION = 1.0;
				PRODUCT_BUNDLE_IDENTIFIER = ViewsAndModifiers.ReMindApp;
				PRODUCT_NAME = "$(TARGET_NAME)";
				PROVISIONING_PROFILE_SPECIFIER = "";
				SWIFT_EMIT_LOC_STRINGS = YES;
				SWIFT_VERSION = 5.0;
				TARGETED_DEVICE_FAMILY = "1,2";
			};
			name = Debug;
		};
		864404E62DEECCE8007AA15B /* Release */ = {
			isa = XCBuildConfiguration;
			buildSettings = {
				ASSETCATALOG_COMPILER_APPICON_NAME = AppIcon;
				ASSETCATALOG_COMPILER_GLOBAL_ACCENT_COLOR_NAME = AccentColor;
				CODE_SIGN_IDENTITY = "Apple Development";
				CODE_SIGN_STYLE = Manual;
				CURRENT_PROJECT_VERSION = 1;
				DEVELOPMENT_ASSET_PATHS = "\"ReMindApp/Preview Content\"";
				DEVELOPMENT_TEAM = "";
				ENABLE_PREVIEWS = YES;
				GENERATE_INFOPLIST_FILE = YES;
				INFOPLIST_FILE = ReMindApp/Info.plist;
				INFOPLIST_KEY_CFBundleDisplayName = "Re:Mind";
				INFOPLIST_KEY_UIApplicationSceneManifest_Generation = YES;
				INFOPLIST_KEY_UIApplicationSupportsIndirectInputEvents = YES;
				INFOPLIST_KEY_UILaunchScreen_Generation = YES;
				INFOPLIST_KEY_UISupportedInterfaceOrientations_iPad = "UIInterfaceOrientationPortrait UIInterfaceOrientationPortraitUpsideDown UIInterfaceOrientationLandscapeLeft UIInterfaceOrientationLandscapeRight";
				LD_RUNPATH_SEARCH_PATHS = (
					"$(inherited)",
					"@executable_path/Frameworks",
				);
				MARKETING_VERSION = 1.0;
				PRODUCT_BUNDLE_IDENTIFIER = ViewsAndModifiers.ReMindApp;
				PRODUCT_NAME = "$(TARGET_NAME)";
				PROVISIONING_PROFILE_SPECIFIER = "";
				SWIFT_EMIT_LOC_STRINGS = YES;
				SWIFT_VERSION = 5.0;
				TARGETED_DEVICE_FAMILY = "1,2";
			};
			name = Release;
		};
		864B46522E546B5700A49863 /* Debug */ = {
			isa = XCBuildConfiguration;
			buildSettings = {
				CODE_SIGN_STYLE = Automatic;
				CURRENT_PROJECT_VERSION = 1;
				GENERATE_INFOPLIST_FILE = YES;
				IPHONEOS_DEPLOYMENT_TARGET = 18.5;
				MARKETING_VERSION = 1.0;
				PRODUCT_BUNDLE_IDENTIFIER = ViewsAndModifiers.ReMindAppUITests;
				PRODUCT_NAME = "$(TARGET_NAME)";
				SWIFT_EMIT_LOC_STRINGS = NO;
				SWIFT_VERSION = 5.0;
				TARGETED_DEVICE_FAMILY = "1,2";
				TEST_TARGET_NAME = ReMindApp;
			};
			name = Debug;
		};
		864B46532E546B5700A49863 /* Release */ = {
			isa = XCBuildConfiguration;
			buildSettings = {
				CODE_SIGN_STYLE = Automatic;
				CURRENT_PROJECT_VERSION = 1;
				GENERATE_INFOPLIST_FILE = YES;
				IPHONEOS_DEPLOYMENT_TARGET = 18.5;
				MARKETING_VERSION = 1.0;
				PRODUCT_BUNDLE_IDENTIFIER = ViewsAndModifiers.ReMindAppUITests;
				PRODUCT_NAME = "$(TARGET_NAME)";
				SWIFT_EMIT_LOC_STRINGS = NO;
				SWIFT_VERSION = 5.0;
				TARGETED_DEVICE_FAMILY = "1,2";
				TEST_TARGET_NAME = ReMindApp;
			};
			name = Release;
		};
		865B91072E5339140010B485 /* Debug */ = {
			isa = XCBuildConfiguration;
			buildSettings = {
				BUNDLE_LOADER = "$(TEST_HOST)";
				CODE_SIGN_STYLE = Automatic;
				CURRENT_PROJECT_VERSION = 1;
				GENERATE_INFOPLIST_FILE = YES;
				IPHONEOS_DEPLOYMENT_TARGET = 18.5;
				MARKETING_VERSION = 1.0;
				PRODUCT_BUNDLE_IDENTIFIER = ViewsAndModifiers.ReMindAppTests;
				PRODUCT_NAME = "$(TARGET_NAME)";
				SWIFT_EMIT_LOC_STRINGS = NO;
				SWIFT_VERSION = 5.0;
				TARGETED_DEVICE_FAMILY = "1,2";
				TEST_HOST = "$(BUILT_PRODUCTS_DIR)/ReMindApp.app/$(BUNDLE_EXECUTABLE_FOLDER_PATH)/ReMindApp";
			};
			name = Debug;
		};
		865B91082E5339140010B485 /* Release */ = {
			isa = XCBuildConfiguration;
			buildSettings = {
				BUNDLE_LOADER = "$(TEST_HOST)";
				CODE_SIGN_STYLE = Automatic;
				CURRENT_PROJECT_VERSION = 1;
				GENERATE_INFOPLIST_FILE = YES;
				IPHONEOS_DEPLOYMENT_TARGET = 18.5;
				MARKETING_VERSION = 1.0;
				PRODUCT_BUNDLE_IDENTIFIER = ViewsAndModifiers.ReMindAppTests;
				PRODUCT_NAME = "$(TARGET_NAME)";
				SWIFT_EMIT_LOC_STRINGS = NO;
				SWIFT_VERSION = 5.0;
				TARGETED_DEVICE_FAMILY = "1,2";
				TEST_HOST = "$(BUILT_PRODUCTS_DIR)/ReMindApp.app/$(BUNDLE_EXECUTABLE_FOLDER_PATH)/ReMindApp";
			};
			name = Release;
		};
/* End XCBuildConfiguration section */

/* Begin XCConfigurationList section */
		864404D12DEECCE6007AA15B /* Build configuration list for PBXProject "ReMindApp" */ = {
			isa = XCConfigurationList;
			buildConfigurations = (
				864404E22DEECCE8007AA15B /* Debug */,
				864404E32DEECCE8007AA15B /* Release */,
			);
			defaultConfigurationIsVisible = 0;
			defaultConfigurationName = Release;
		};
		864404E42DEECCE8007AA15B /* Build configuration list for PBXNativeTarget "ReMindApp" */ = {
			isa = XCConfigurationList;
			buildConfigurations = (
				864404E52DEECCE8007AA15B /* Debug */,
				864404E62DEECCE8007AA15B /* Release */,
			);
			defaultConfigurationIsVisible = 0;
			defaultConfigurationName = Release;
		};
		864B46542E546B5700A49863 /* Build configuration list for PBXNativeTarget "ReMindAppUITests" */ = {
			isa = XCConfigurationList;
			buildConfigurations = (
				864B46522E546B5700A49863 /* Debug */,
				864B46532E546B5700A49863 /* Release */,
			);
			defaultConfigurationIsVisible = 0;
			defaultConfigurationName = Release;
		};
		865B91062E5339140010B485 /* Build configuration list for PBXNativeTarget "ReMindAppTests" */ = {
			isa = XCConfigurationList;
			buildConfigurations = (
				865B91072E5339140010B485 /* Debug */,
				865B91082E5339140010B485 /* Release */,
			);
			defaultConfigurationIsVisible = 0;
			defaultConfigurationName = Release;
		};
/* End XCConfigurationList section */
	};
	rootObject = 864404CE2DEECCE6007AA15B /* Project object */;
}
